// !$*UTF8*$!
{
	archiveVersion = 1;
	classes = {
	};
	objectVersion = 50;
	objects = {

/* Begin PBXBuildFile section */
		3C7C273527158F15004B51D8 /* AppDelegate.swift in Sources */ = {isa = PBXBuildFile; fileRef = 3C7C273427158F15004B51D8 /* AppDelegate.swift */; };
		3C7C273727158F15004B51D8 /* SceneDelegate.swift in Sources */ = {isa = PBXBuildFile; fileRef = 3C7C273627158F15004B51D8 /* SceneDelegate.swift */; };
		3C7C273927158F15004B51D8 /* ViewController.swift in Sources */ = {isa = PBXBuildFile; fileRef = 3C7C273827158F15004B51D8 /* ViewController.swift */; };
		3C7C273C27158F15004B51D8 /* Main.storyboard in Resources */ = {isa = PBXBuildFile; fileRef = 3C7C273A27158F15004B51D8 /* Main.storyboard */; };
		3C7C273E27158F17004B51D8 /* Assets.xcassets in Resources */ = {isa = PBXBuildFile; fileRef = 3C7C273D27158F17004B51D8 /* Assets.xcassets */; };
		3C7C274127158F17004B51D8 /* LaunchScreen.storyboard in Resources */ = {isa = PBXBuildFile; fileRef = 3C7C273F27158F17004B51D8 /* LaunchScreen.storyboard */; };
		3C7C274C27158F17004B51D8 /* GradLearningProjectTests.swift in Sources */ = {isa = PBXBuildFile; fileRef = 3C7C274B27158F17004B51D8 /* GradLearningProjectTests.swift */; };
		3C7C275727158F17004B51D8 /* GradLearningProjectUITests.swift in Sources */ = {isa = PBXBuildFile; fileRef = 3C7C275627158F17004B51D8 /* GradLearningProjectUITests.swift */; };
		D380CF692721BB50004A2E31 /* RoundButton.swift in Sources */ = {isa = PBXBuildFile; fileRef = D380CF682721BB4F004A2E31 /* RoundButton.swift */; };
/* End PBXBuildFile section */

/* Begin PBXContainerItemProxy section */
		3C7C274827158F17004B51D8 /* PBXContainerItemProxy */ = {
			isa = PBXContainerItemProxy;
			containerPortal = 3C7C272927158F15004B51D8 /* Project object */;
			proxyType = 1;
			remoteGlobalIDString = 3C7C273027158F15004B51D8;
			remoteInfo = GradLearningProject;
		};
		3C7C275327158F17004B51D8 /* PBXContainerItemProxy */ = {
			isa = PBXContainerItemProxy;
			containerPortal = 3C7C272927158F15004B51D8 /* Project object */;
			proxyType = 1;
			remoteGlobalIDString = 3C7C273027158F15004B51D8;
			remoteInfo = GradLearningProject;
		};
/* End PBXContainerItemProxy section */

/* Begin PBXFileReference section */
		3C7C273127158F15004B51D8 /* GradLearningProject.app */ = {isa = PBXFileReference; explicitFileType = wrapper.application; includeInIndex = 0; path = GradLearningProject.app; sourceTree = BUILT_PRODUCTS_DIR; };
		3C7C273427158F15004B51D8 /* AppDelegate.swift */ = {isa = PBXFileReference; lastKnownFileType = sourcecode.swift; path = AppDelegate.swift; sourceTree = "<group>"; };
		3C7C273627158F15004B51D8 /* SceneDelegate.swift */ = {isa = PBXFileReference; lastKnownFileType = sourcecode.swift; path = SceneDelegate.swift; sourceTree = "<group>"; };
		3C7C273827158F15004B51D8 /* ViewController.swift */ = {isa = PBXFileReference; lastKnownFileType = sourcecode.swift; path = ViewController.swift; sourceTree = "<group>"; };
		3C7C273B27158F15004B51D8 /* Base */ = {isa = PBXFileReference; lastKnownFileType = file.storyboard; name = Base; path = Base.lproj/Main.storyboard; sourceTree = "<group>"; };
		3C7C273D27158F17004B51D8 /* Assets.xcassets */ = {isa = PBXFileReference; lastKnownFileType = folder.assetcatalog; path = Assets.xcassets; sourceTree = "<group>"; };
		3C7C274027158F17004B51D8 /* Base */ = {isa = PBXFileReference; lastKnownFileType = file.storyboard; name = Base; path = Base.lproj/LaunchScreen.storyboard; sourceTree = "<group>"; };
		3C7C274227158F17004B51D8 /* Info.plist */ = {isa = PBXFileReference; lastKnownFileType = text.plist.xml; path = Info.plist; sourceTree = "<group>"; };
		3C7C274727158F17004B51D8 /* GradLearningProjectTests.xctest */ = {isa = PBXFileReference; explicitFileType = wrapper.cfbundle; includeInIndex = 0; path = GradLearningProjectTests.xctest; sourceTree = BUILT_PRODUCTS_DIR; };
		3C7C274B27158F17004B51D8 /* GradLearningProjectTests.swift */ = {isa = PBXFileReference; lastKnownFileType = sourcecode.swift; path = GradLearningProjectTests.swift; sourceTree = "<group>"; };
		3C7C274D27158F17004B51D8 /* Info.plist */ = {isa = PBXFileReference; lastKnownFileType = text.plist.xml; path = Info.plist; sourceTree = "<group>"; };
		3C7C275227158F17004B51D8 /* GradLearningProjectUITests.xctest */ = {isa = PBXFileReference; explicitFileType = wrapper.cfbundle; includeInIndex = 0; path = GradLearningProjectUITests.xctest; sourceTree = BUILT_PRODUCTS_DIR; };
		3C7C275627158F17004B51D8 /* GradLearningProjectUITests.swift */ = {isa = PBXFileReference; lastKnownFileType = sourcecode.swift; path = GradLearningProjectUITests.swift; sourceTree = "<group>"; };
		3C7C275827158F17004B51D8 /* Info.plist */ = {isa = PBXFileReference; lastKnownFileType = text.plist.xml; path = Info.plist; sourceTree = "<group>"; };
		D380CF682721BB4F004A2E31 /* RoundButton.swift */ = {isa = PBXFileReference; lastKnownFileType = sourcecode.swift; path = RoundButton.swift; sourceTree = "<group>"; };
/* End PBXFileReference section */

/* Begin PBXFrameworksBuildPhase section */
		3C7C272E27158F15004B51D8 /* Frameworks */ = {
			isa = PBXFrameworksBuildPhase;
			buildActionMask = 2147483647;
			files = (
			);
			runOnlyForDeploymentPostprocessing = 0;
		};
		3C7C274427158F17004B51D8 /* Frameworks */ = {
			isa = PBXFrameworksBuildPhase;
			buildActionMask = 2147483647;
			files = (
			);
			runOnlyForDeploymentPostprocessing = 0;
		};
		3C7C274F27158F17004B51D8 /* Frameworks */ = {
			isa = PBXFrameworksBuildPhase;
			buildActionMask = 2147483647;
			files = (
			);
			runOnlyForDeploymentPostprocessing = 0;
		};
/* End PBXFrameworksBuildPhase section */

/* Begin PBXGroup section */
		3C7C272827158F15004B51D8 = {
			isa = PBXGroup;
			children = (
				3C7C273327158F15004B51D8 /* GradLearningProject */,
				3C7C274A27158F17004B51D8 /* GradLearningProjectTests */,
				3C7C275527158F17004B51D8 /* GradLearningProjectUITests */,
				3C7C273227158F15004B51D8 /* Products */,
			);
			sourceTree = "<group>";
		};
		3C7C273227158F15004B51D8 /* Products */ = {
			isa = PBXGroup;
			children = (
				3C7C273127158F15004B51D8 /* GradLearningProject.app */,
				3C7C274727158F17004B51D8 /* GradLearningProjectTests.xctest */,
				3C7C275227158F17004B51D8 /* GradLearningProjectUITests.xctest */,
			);
			name = Products;
			sourceTree = "<group>";
		};
		3C7C273327158F15004B51D8 /* GradLearningProject */ = {
			isa = PBXGroup;
			children = (
				3C7C273427158F15004B51D8 /* AppDelegate.swift */,
				3C7C273627158F15004B51D8 /* SceneDelegate.swift */,
				3C7C273827158F15004B51D8 /* ViewController.swift */,
				3C7C273A27158F15004B51D8 /* Main.storyboard */,
				3C7C273D27158F17004B51D8 /* Assets.xcassets */,
				3C7C273F27158F17004B51D8 /* LaunchScreen.storyboard */,
				3C7C274227158F17004B51D8 /* Info.plist */,
				D380CF682721BB4F004A2E31 /* RoundButton.swift */,
			);
			path = GradLearningProject;
			sourceTree = "<group>";
		};
		3C7C274A27158F17004B51D8 /* GradLearningProjectTests */ = {
			isa = PBXGroup;
			children = (
				3C7C274B27158F17004B51D8 /* GradLearningProjectTests.swift */,
				3C7C274D27158F17004B51D8 /* Info.plist */,
			);
			path = GradLearningProjectTests;
			sourceTree = "<group>";
		};
		3C7C275527158F17004B51D8 /* GradLearningProjectUITests */ = {
			isa = PBXGroup;
			children = (
				3C7C275627158F17004B51D8 /* GradLearningProjectUITests.swift */,
				3C7C275827158F17004B51D8 /* Info.plist */,
			);
			path = GradLearningProjectUITests;
			sourceTree = "<group>";
		};
/* End PBXGroup section */

/* Begin PBXNativeTarget section */
		3C7C273027158F15004B51D8 /* GradLearningProject */ = {
			isa = PBXNativeTarget;
			buildConfigurationList = 3C7C275B27158F17004B51D8 /* Build configuration list for PBXNativeTarget "GradLearningProject" */;
			buildPhases = (
				3C7C272D27158F15004B51D8 /* Sources */,
				3C7C272E27158F15004B51D8 /* Frameworks */,
				3C7C272F27158F15004B51D8 /* Resources */,
				D380CF6A2722A74F004A2E31 /* Run Script */,
			);
			buildRules = (
			);
			dependencies = (
			);
			name = GradLearningProject;
			productName = GradLearningProject;
			productReference = 3C7C273127158F15004B51D8 /* GradLearningProject.app */;
			productType = "com.apple.product-type.application";
		};
		3C7C274627158F17004B51D8 /* GradLearningProjectTests */ = {
			isa = PBXNativeTarget;
			buildConfigurationList = 3C7C275E27158F17004B51D8 /* Build configuration list for PBXNativeTarget "GradLearningProjectTests" */;
			buildPhases = (
				3C7C274327158F17004B51D8 /* Sources */,
				3C7C274427158F17004B51D8 /* Frameworks */,
				3C7C274527158F17004B51D8 /* Resources */,
			);
			buildRules = (
			);
			dependencies = (
				3C7C274927158F17004B51D8 /* PBXTargetDependency */,
			);
			name = GradLearningProjectTests;
			productName = GradLearningProjectTests;
			productReference = 3C7C274727158F17004B51D8 /* GradLearningProjectTests.xctest */;
			productType = "com.apple.product-type.bundle.unit-test";
		};
		3C7C275127158F17004B51D8 /* GradLearningProjectUITests */ = {
			isa = PBXNativeTarget;
			buildConfigurationList = 3C7C276127158F17004B51D8 /* Build configuration list for PBXNativeTarget "GradLearningProjectUITests" */;
			buildPhases = (
				3C7C274E27158F17004B51D8 /* Sources */,
				3C7C274F27158F17004B51D8 /* Frameworks */,
				3C7C275027158F17004B51D8 /* Resources */,
			);
			buildRules = (
			);
			dependencies = (
				3C7C275427158F17004B51D8 /* PBXTargetDependency */,
			);
			name = GradLearningProjectUITests;
			productName = GradLearningProjectUITests;
			productReference = 3C7C275227158F17004B51D8 /* GradLearningProjectUITests.xctest */;
			productType = "com.apple.product-type.bundle.ui-testing";
		};
/* End PBXNativeTarget section */

/* Begin PBXProject section */
		3C7C272927158F15004B51D8 /* Project object */ = {
			isa = PBXProject;
			attributes = {
				LastSwiftUpdateCheck = 1250;
				LastUpgradeCheck = 1250;
				TargetAttributes = {
					3C7C273027158F15004B51D8 = {
						CreatedOnToolsVersion = 12.5.1;
					};
					3C7C274627158F17004B51D8 = {
						CreatedOnToolsVersion = 12.5.1;
						TestTargetID = 3C7C273027158F15004B51D8;
					};
					3C7C275127158F17004B51D8 = {
						CreatedOnToolsVersion = 12.5.1;
						TestTargetID = 3C7C273027158F15004B51D8;
					};
				};
			};
			buildConfigurationList = 3C7C272C27158F15004B51D8 /* Build configuration list for PBXProject "GradLearningProject" */;
			compatibilityVersion = "Xcode 9.3";
			developmentRegion = en;
			hasScannedForEncodings = 0;
			knownRegions = (
				en,
				Base,
			);
			mainGroup = 3C7C272827158F15004B51D8;
			productRefGroup = 3C7C273227158F15004B51D8 /* Products */;
			projectDirPath = "";
			projectRoot = "";
			targets = (
				3C7C273027158F15004B51D8 /* GradLearningProject */,
				3C7C274627158F17004B51D8 /* GradLearningProjectTests */,
				3C7C275127158F17004B51D8 /* GradLearningProjectUITests */,
			);
		};
/* End PBXProject section */

/* Begin PBXResourcesBuildPhase section */
		3C7C272F27158F15004B51D8 /* Resources */ = {
			isa = PBXResourcesBuildPhase;
			buildActionMask = 2147483647;
			files = (
				3C7C274127158F17004B51D8 /* LaunchScreen.storyboard in Resources */,
				3C7C273E27158F17004B51D8 /* Assets.xcassets in Resources */,
				3C7C273C27158F15004B51D8 /* Main.storyboard in Resources */,
			);
			runOnlyForDeploymentPostprocessing = 0;
		};
		3C7C274527158F17004B51D8 /* Resources */ = {
			isa = PBXResourcesBuildPhase;
			buildActionMask = 2147483647;
			files = (
			);
			runOnlyForDeploymentPostprocessing = 0;
		};
		3C7C275027158F17004B51D8 /* Resources */ = {
			isa = PBXResourcesBuildPhase;
			buildActionMask = 2147483647;
			files = (
			);
			runOnlyForDeploymentPostprocessing = 0;
		};
/* End PBXResourcesBuildPhase section */

/* Begin PBXShellScriptBuildPhase section */
		D380CF6A2722A74F004A2E31 /* Run Script */ = {
			isa = PBXShellScriptBuildPhase;
			buildActionMask = 2147483647;
			files = (
			);
			inputFileListPaths = (
			);
			inputPaths = (
			);
			name = "Run Script";
			outputFileListPaths = (
			);
			outputPaths = (
			);
			runOnlyForDeploymentPostprocessing = 0;
			shellPath = /bin/sh;
			shellScript = "# Type a script or drag a script file from your workspace to insert its path.\nif which swiftlint >/dev/null; then\n  swiftlint\nelse\n  echo \"warning: SwiftLint not installed, download from https://github.com/realm/SwiftLint\"\nfi\n\n";
		};
/* End PBXShellScriptBuildPhase section */

/* Begin PBXSourcesBuildPhase section */
		3C7C272D27158F15004B51D8 /* Sources */ = {
			isa = PBXSourcesBuildPhase;
			buildActionMask = 2147483647;
			files = (
				D380CF692721BB50004A2E31 /* RoundButton.swift in Sources */,
				3C7C273927158F15004B51D8 /* ViewController.swift in Sources */,
				3C7C273527158F15004B51D8 /* AppDelegate.swift in Sources */,
				3C7C273727158F15004B51D8 /* SceneDelegate.swift in Sources */,
			);
			runOnlyForDeploymentPostprocessing = 0;
		};
		3C7C274327158F17004B51D8 /* Sources */ = {
			isa = PBXSourcesBuildPhase;
			buildActionMask = 2147483647;
			files = (
				3C7C274C27158F17004B51D8 /* GradLearningProjectTests.swift in Sources */,
			);
			runOnlyForDeploymentPostprocessing = 0;
		};
		3C7C274E27158F17004B51D8 /* Sources */ = {
			isa = PBXSourcesBuildPhase;
			buildActionMask = 2147483647;
			files = (
				3C7C275727158F17004B51D8 /* GradLearningProjectUITests.swift in Sources */,
			);
			runOnlyForDeploymentPostprocessing = 0;
		};
/* End PBXSourcesBuildPhase section */

/* Begin PBXTargetDependency section */
		3C7C274927158F17004B51D8 /* PBXTargetDependency */ = {
			isa = PBXTargetDependency;
			target = 3C7C273027158F15004B51D8 /* GradLearningProject */;
			targetProxy = 3C7C274827158F17004B51D8 /* PBXContainerItemProxy */;
		};
		3C7C275427158F17004B51D8 /* PBXTargetDependency */ = {
			isa = PBXTargetDependency;
			target = 3C7C273027158F15004B51D8 /* GradLearningProject */;
			targetProxy = 3C7C275327158F17004B51D8 /* PBXContainerItemProxy */;
		};
/* End PBXTargetDependency section */

/* Begin PBXVariantGroup section */
		3C7C273A27158F15004B51D8 /* Main.storyboard */ = {
			isa = PBXVariantGroup;
			children = (
				3C7C273B27158F15004B51D8 /* Base */,
			);
			name = Main.storyboard;
			sourceTree = "<group>";
		};
		3C7C273F27158F17004B51D8 /* LaunchScreen.storyboard */ = {
			isa = PBXVariantGroup;
			children = (
				3C7C274027158F17004B51D8 /* Base */,
			);
			name = LaunchScreen.storyboard;
			sourceTree = "<group>";
		};
/* End PBXVariantGroup section */

/* Begin XCBuildConfiguration section */
		3C7C275927158F17004B51D8 /* Debug */ = {
			isa = XCBuildConfiguration;
			buildSettings = {
				ALWAYS_SEARCH_USER_PATHS = NO;
				CLANG_ANALYZER_NONNULL = YES;
				CLANG_ANALYZER_NUMBER_OBJECT_CONVERSION = YES_AGGRESSIVE;
				CLANG_CXX_LANGUAGE_STANDARD = "gnu++14";
				CLANG_CXX_LIBRARY = "libc++";
				CLANG_ENABLE_MODULES = YES;
				CLANG_ENABLE_OBJC_ARC = YES;
				CLANG_ENABLE_OBJC_WEAK = YES;
				CLANG_WARN_BLOCK_CAPTURE_AUTORELEASING = YES;
				CLANG_WARN_BOOL_CONVERSION = YES;
				CLANG_WARN_COMMA = YES;
				CLANG_WARN_CONSTANT_CONVERSION = YES;
				CLANG_WARN_DEPRECATED_OBJC_IMPLEMENTATIONS = YES;
				CLANG_WARN_DIRECT_OBJC_ISA_USAGE = YES_ERROR;
				CLANG_WARN_DOCUMENTATION_COMMENTS = YES;
				CLANG_WARN_EMPTY_BODY = YES;
				CLANG_WARN_ENUM_CONVERSION = YES;
				CLANG_WARN_INFINITE_RECURSION = YES;
				CLANG_WARN_INT_CONVERSION = YES;
				CLANG_WARN_NON_LITERAL_NULL_CONVERSION = YES;
				CLANG_WARN_OBJC_IMPLICIT_RETAIN_SELF = YES;
				CLANG_WARN_OBJC_LITERAL_CONVERSION = YES;
				CLANG_WARN_OBJC_ROOT_CLASS = YES_ERROR;
				CLANG_WARN_QUOTED_INCLUDE_IN_FRAMEWORK_HEADER = YES;
				CLANG_WARN_RANGE_LOOP_ANALYSIS = YES;
				CLANG_WARN_STRICT_PROTOTYPES = YES;
				CLANG_WARN_SUSPICIOUS_MOVE = YES;
				CLANG_WARN_UNGUARDED_AVAILABILITY = YES_AGGRESSIVE;
				CLANG_WARN_UNREACHABLE_CODE = YES;
				CLANG_WARN__DUPLICATE_METHOD_MATCH = YES;
				COPY_PHASE_STRIP = NO;
				DEBUG_INFORMATION_FORMAT = dwarf;
				ENABLE_STRICT_OBJC_MSGSEND = YES;
				ENABLE_TESTABILITY = YES;
				GCC_C_LANGUAGE_STANDARD = gnu11;
				GCC_DYNAMIC_NO_PIC = NO;
				GCC_NO_COMMON_BLOCKS = YES;
				GCC_OPTIMIZATION_LEVEL = 0;
				GCC_PREPROCESSOR_DEFINITIONS = (
					"DEBUG=1",
					"$(inherited)",
				);
				GCC_WARN_64_TO_32_BIT_CONVERSION = YES;
				GCC_WARN_ABOUT_RETURN_TYPE = YES_ERROR;
				GCC_WARN_UNDECLARED_SELECTOR = YES;
				GCC_WARN_UNINITIALIZED_AUTOS = YES_AGGRESSIVE;
				GCC_WARN_UNUSED_FUNCTION = YES;
				GCC_WARN_UNUSED_VARIABLE = YES;
				IPHONEOS_DEPLOYMENT_TARGET = 14.5;
				MTL_ENABLE_DEBUG_INFO = INCLUDE_SOURCE;
				MTL_FAST_MATH = YES;
				ONLY_ACTIVE_ARCH = YES;
				SDKROOT = iphoneos;
				SWIFT_ACTIVE_COMPILATION_CONDITIONS = DEBUG;
				SWIFT_OPTIMIZATION_LEVEL = "-Onone";
			};
			name = Debug;
		};
		3C7C275A27158F17004B51D8 /* Release */ = {
			isa = XCBuildConfiguration;
			buildSettings = {
				ALWAYS_SEARCH_USER_PATHS = NO;
				CLANG_ANALYZER_NONNULL = YES;
				CLANG_ANALYZER_NUMBER_OBJECT_CONVERSION = YES_AGGRESSIVE;
				CLANG_CXX_LANGUAGE_STANDARD = "gnu++14";
				CLANG_CXX_LIBRARY = "libc++";
				CLANG_ENABLE_MODULES = YES;
				CLANG_ENABLE_OBJC_ARC = YES;
				CLANG_ENABLE_OBJC_WEAK = YES;
				CLANG_WARN_BLOCK_CAPTURE_AUTORELEASING = YES;
				CLANG_WARN_BOOL_CONVERSION = YES;
				CLANG_WARN_COMMA = YES;
				CLANG_WARN_CONSTANT_CONVERSION = YES;
				CLANG_WARN_DEPRECATED_OBJC_IMPLEMENTATIONS = YES;
				CLANG_WARN_DIRECT_OBJC_ISA_USAGE = YES_ERROR;
				CLANG_WARN_DOCUMENTATION_COMMENTS = YES;
				CLANG_WARN_EMPTY_BODY = YES;
				CLANG_WARN_ENUM_CONVERSION = YES;
				CLANG_WARN_INFINITE_RECURSION = YES;
				CLANG_WARN_INT_CONVERSION = YES;
				CLANG_WARN_NON_LITERAL_NULL_CONVERSION = YES;
				CLANG_WARN_OBJC_IMPLICIT_RETAIN_SELF = YES;
				CLANG_WARN_OBJC_LITERAL_CONVERSION = YES;
				CLANG_WARN_OBJC_ROOT_CLASS = YES_ERROR;
				CLANG_WARN_QUOTED_INCLUDE_IN_FRAMEWORK_HEADER = YES;
				CLANG_WARN_RANGE_LOOP_ANALYSIS = YES;
				CLANG_WARN_STRICT_PROTOTYPES = YES;
				CLANG_WARN_SUSPICIOUS_MOVE = YES;
				CLANG_WARN_UNGUARDED_AVAILABILITY = YES_AGGRESSIVE;
				CLANG_WARN_UNREACHABLE_CODE = YES;
				CLANG_WARN__DUPLICATE_METHOD_MATCH = YES;
				COPY_PHASE_STRIP = NO;
				DEBUG_INFORMATION_FORMAT = "dwarf-with-dsym";
				ENABLE_NS_ASSERTIONS = NO;
				ENABLE_STRICT_OBJC_MSGSEND = YES;
				GCC_C_LANGUAGE_STANDARD = gnu11;
				GCC_NO_COMMON_BLOCKS = YES;
				GCC_WARN_64_TO_32_BIT_CONVERSION = YES;
				GCC_WARN_ABOUT_RETURN_TYPE = YES_ERROR;
				GCC_WARN_UNDECLARED_SELECTOR = YES;
				GCC_WARN_UNINITIALIZED_AUTOS = YES_AGGRESSIVE;
				GCC_WARN_UNUSED_FUNCTION = YES;
				GCC_WARN_UNUSED_VARIABLE = YES;
				IPHONEOS_DEPLOYMENT_TARGET = 14.5;
				MTL_ENABLE_DEBUG_INFO = NO;
				MTL_FAST_MATH = YES;
				SDKROOT = iphoneos;
				SWIFT_COMPILATION_MODE = wholemodule;
				SWIFT_OPTIMIZATION_LEVEL = "-O";
				VALIDATE_PRODUCT = YES;
			};
			name = Release;
		};
		3C7C275C27158F17004B51D8 /* Debug */ = {
			isa = XCBuildConfiguration;
			buildSettings = {
				ASSETCATALOG_COMPILER_APPICON_NAME = AppIcon;
				ASSETCATALOG_COMPILER_GLOBAL_ACCENT_COLOR_NAME = AccentColor;
				CODE_SIGN_STYLE = Automatic;
				INFOPLIST_FILE = GradLearningProject/Info.plist;
				LD_RUNPATH_SEARCH_PATHS = (
					"$(inherited)",
					"@executable_path/Frameworks",
				);
				PRODUCT_BUNDLE_IDENTIFIER = com.training.GradLearningProject;
				PRODUCT_NAME = "$(TARGET_NAME)";
				SWIFT_VERSION = 5.0;
				TARGETED_DEVICE_FAMILY = "1,2";
			};
			name = Debug;
		};
		3C7C275D27158F17004B51D8 /* Release */ = {
			isa = XCBuildConfiguration;
			buildSettings = {
				ASSETCATALOG_COMPILER_APPICON_NAME = AppIcon;
				ASSETCATALOG_COMPILER_GLOBAL_ACCENT_COLOR_NAME = AccentColor;
				CODE_SIGN_STYLE = Automatic;
				INFOPLIST_FILE = GradLearningProject/Info.plist;
				LD_RUNPATH_SEARCH_PATHS = (
					"$(inherited)",
					"@executable_path/Frameworks",
				);
				PRODUCT_BUNDLE_IDENTIFIER = com.training.GradLearningProject;
				PRODUCT_NAME = "$(TARGET_NAME)";
				SWIFT_VERSION = 5.0;
				TARGETED_DEVICE_FAMILY = "1,2";
			};
			name = Release;
		};
		3C7C275F27158F17004B51D8 /* Debug */ = {
			isa = XCBuildConfiguration;
			buildSettings = {
				ALWAYS_EMBED_SWIFT_STANDARD_LIBRARIES = YES;
				BUNDLE_LOADER = "$(TEST_HOST)";
				CODE_SIGN_STYLE = Automatic;
				INFOPLIST_FILE = GradLearningProjectTests/Info.plist;
				IPHONEOS_DEPLOYMENT_TARGET = 14.5;
				LD_RUNPATH_SEARCH_PATHS = (
					"$(inherited)",
					"@executable_path/Frameworks",
					"@loader_path/Frameworks",
				);
				PRODUCT_BUNDLE_IDENTIFIER = com.training.GradLearningProjectTests;
				PRODUCT_NAME = "$(TARGET_NAME)";
				SWIFT_VERSION = 5.0;
				TARGETED_DEVICE_FAMILY = "1,2";
				TEST_HOST = "$(BUILT_PRODUCTS_DIR)/GradLearningProject.app/GradLearningProject";
			};
			name = Debug;
		};
		3C7C276027158F17004B51D8 /* Release */ = {
			isa = XCBuildConfiguration;
			buildSettings = {
				ALWAYS_EMBED_SWIFT_STANDARD_LIBRARIES = YES;
				BUNDLE_LOADER = "$(TEST_HOST)";
				CODE_SIGN_STYLE = Automatic;
				INFOPLIST_FILE = GradLearningProjectTests/Info.plist;
				IPHONEOS_DEPLOYMENT_TARGET = 14.5;
				LD_RUNPATH_SEARCH_PATHS = (
					"$(inherited)",
					"@executable_path/Frameworks",
					"@loader_path/Frameworks",
				);
				PRODUCT_BUNDLE_IDENTIFIER = com.training.GradLearningProjectTests;
				PRODUCT_NAME = "$(TARGET_NAME)";
				SWIFT_VERSION = 5.0;
				TARGETED_DEVICE_FAMILY = "1,2";
				TEST_HOST = "$(BUILT_PRODUCTS_DIR)/GradLearningProject.app/GradLearningProject";
			};
			name = Release;
		};
		3C7C276227158F17004B51D8 /* Debug */ = {
			isa = XCBuildConfiguration;
			buildSettings = {
				ALWAYS_EMBED_SWIFT_STANDARD_LIBRARIES = YES;
				CODE_SIGN_STYLE = Automatic;
				INFOPLIST_FILE = GradLearningProjectUITests/Info.plist;
				LD_RUNPATH_SEARCH_PATHS = (
					"$(inherited)",
					"@executable_path/Frameworks",
					"@loader_path/Frameworks",
				);
				PRODUCT_BUNDLE_IDENTIFIER = com.training.GradLearningProjectUITests;
				PRODUCT_NAME = "$(TARGET_NAME)";
				SWIFT_VERSION = 5.0;
				TARGETED_DEVICE_FAMILY = "1,2";
				TEST_TARGET_NAME = GradLearningProject;
			};
			name = Debug;
		};
		3C7C276327158F17004B51D8 /* Release */ = {
			isa = XCBuildConfiguration;
			buildSettings = {
				ALWAYS_EMBED_SWIFT_STANDARD_LIBRARIES = YES;
				CODE_SIGN_STYLE = Automatic;
				INFOPLIST_FILE = GradLearningProjectUITests/Info.plist;
				LD_RUNPATH_SEARCH_PATHS = (
					"$(inherited)",
					"@executable_path/Frameworks",
					"@loader_path/Frameworks",
				);
				PRODUCT_BUNDLE_IDENTIFIER = com.training.GradLearningProjectUITests;
				PRODUCT_NAME = "$(TARGET_NAME)";
				SWIFT_VERSION = 5.0;
				TARGETED_DEVICE_FAMILY = "1,2";
				TEST_TARGET_NAME = GradLearningProject;
			};
			name = Release;
		};
/* End XCBuildConfiguration section */

/* Begin XCConfigurationList section */
		3C7C272C27158F15004B51D8 /* Build configuration list for PBXProject "GradLearningProject" */ = {
			isa = XCConfigurationList;
			buildConfigurations = (
				3C7C275927158F17004B51D8 /* Debug */,
				3C7C275A27158F17004B51D8 /* Release */,
			);
			defaultConfigurationIsVisible = 0;
			defaultConfigurationName = Release;
		};
		3C7C275B27158F17004B51D8 /* Build configuration list for PBXNativeTarget "GradLearningProject" */ = {
			isa = XCConfigurationList;
			buildConfigurations = (
				3C7C275C27158F17004B51D8 /* Debug */,
				3C7C275D27158F17004B51D8 /* Release */,
			);
			defaultConfigurationIsVisible = 0;
			defaultConfigurationName = Release;
		};
		3C7C275E27158F17004B51D8 /* Build configuration list for PBXNativeTarget "GradLearningProjectTests" */ = {
			isa = XCConfigurationList;
			buildConfigurations = (
				3C7C275F27158F17004B51D8 /* Debug */,
				3C7C276027158F17004B51D8 /* Release */,
			);
			defaultConfigurationIsVisible = 0;
			defaultConfigurationName = Release;
		};
		3C7C276127158F17004B51D8 /* Build configuration list for PBXNativeTarget "GradLearningProjectUITests" */ = {
			isa = XCConfigurationList;
			buildConfigurations = (
				3C7C276227158F17004B51D8 /* Debug */,
				3C7C276327158F17004B51D8 /* Release */,
			);
			defaultConfigurationIsVisible = 0;
			defaultConfigurationName = Release;
		};
/* End XCConfigurationList section */
	};
	rootObject = 3C7C272927158F15004B51D8 /* Project object */;
}
